
Microsoft Visual Studio Solution File, Format Version 12.00
# Visual Studio 15
VisualStudioVersion = 15.0.28307.329
MinimumVisualStudioVersion = 10.0.40219.1
Project("{FAE04EC0-301F-11D3-BF4B-00C04F79EFBC}") = "StreamingApp", "StreamingApp\StreamingApp.csproj", "{383324D0-F8A3-4EFA-B606-0D6010B5CE31}"
EndProject
Global
	GlobalSection(SolutionConfigurationPlatforms) = preSolution
		Debug|Any CPU = Debug|Any CPU
		Release|Any CPU = Release|Any CPU
	EndGlobalSection
	GlobalSection(ProjectConfigurationPlatforms) = postSolution
		{383324D0-F8A3-4EFA-B606-0D6010B5CE31}.Debug|Any CPU.ActiveCfg = Debug|Any CPU
		{383324D0-F8A3-4EFA-B606-0D6010B5CE31}.Debug|Any CPU.Build.0 = Debug|Any CPU
		{383324D0-F8A3-4EFA-B606-0D6010B5CE31}.Release|Any CPU.ActiveCfg = Release|Any CPU
		{383324D0-F8A3-4EFA-B606-0D6010B5CE31}.Release|Any CPU.Build.0 = Release|Any CPU
	EndGlobalSection
	GlobalSection(SolutionProperties) = preSolution
		HideSolutionNode = FALSE
	EndGlobalSection
	GlobalSection(ExtensibilityGlobals) = postSolution
		SolutionGuid = {9136BF02-2B32-4229-B322-F6ED7ED35037}
	EndGlobalSection
EndGlobal
